
Microsoft Visual Studio Solution File, Format Version 12.00
# Visual Studio Version 17
VisualStudioVersion = 17.3.32825.248
MinimumVisualStudioVersion = 10.0.40219.1
Project("{8BC9CEB8-8B4A-11D0-8D11-00A0C91BC942}") = "GeometricVector", "GeometricVector.vcxproj", "{6DE3920E-80C1-4EB7-A6AE-C44E81281644}"
EndProject
Global
	GlobalSection(SolutionConfigurationPlatforms) = preSolution
		Debug|x64 = Debug|x64
		Debug|x86 = Debug|x86
		Release|x64 = Release|x64
		Release|x86 = Release|x86
	EndGlobalSection
	GlobalSection(ProjectConfigurationPlatforms) = postSolution
		{6DE3920E-80C1-4EB7-A6AE-C44E81281644}.Debug|x64.ActiveCfg = Debug|x64
		{6DE3920E-80C1-4EB7-A6AE-C44E81281644}.Debug|x64.Build.0 = Debug|x64
		{6DE3920E-80C1-4EB7-A6AE-C44E81281644}.Debug|x86.ActiveCfg = Debug|Win32
		{6DE3920E-80C1-4EB7-A6AE-C44E81281644}.Debug|x86.Build.0 = Debug|Win32
		{6DE3920E-80C1-4EB7-A6AE-C44E81281644}.Release|x64.ActiveCfg = Release|x64
		{6DE3920E-80C1-4EB7-A6AE-C44E81281644}.Release|x64.Build.0 = Release|x64
		{6DE3920E-80C1-4EB7-A6AE-C44E81281644}.Release|x86.ActiveCfg = Release|Win32
		{6DE3920E-80C1-4EB7-A6AE-C44E81281644}.Release|x86.Build.0 = Release|Win32
	EndGlobalSection
	GlobalSection(SolutionProperties) = preSolution
		HideSolutionNode = FALSE
	EndGlobalSection
	GlobalSection(ExtensibilityGlobals) = postSolution
		SolutionGuid = {27313A19-2C47-4386-B4AD-4D9E39A6141F}
	EndGlobalSection
EndGlobal
